{
  "requires": true,
  "lockfileVersion": 1,
  "dependencies": {
    "@mdi/font": {
      "version": "4.6.95",
      "resolved": "https://registry.npmjs.org/@mdi/font/-/font-4.6.95.tgz",
      "integrity": "sha512-m5AjVnVS9Xi4xbQQt2rh+ClVcWT9oFqSmo8mZs7teOGbAmUrZ9km1RuNRNKIr7LV3vy/zCeEfMc154Z9l+ab0g=="
    }
  }
}
